
Microsoft Visual Studio Solution File, Format Version 12.00
# Visual Studio 15
VisualStudioVersion = 15.0.28016.0
MinimumVisualStudioVersion = 10.0.40219.1
Project("{F2A71F9B-5D33-465A-A702-920D77279786}") = "keybr-data-interpreter", "keybr-data-interpreter\keybr-data-interpreter.fsproj", "{6BCD29CD-9DB4-4A41-AD69-B5935E9D32F0}"
EndProject
Project("{F2A71F9B-5D33-465A-A702-920D77279786}") = "keybr-data-interpreter.tests", "keybr-data-interpreter.tests\keybr-data-interpreter.tests.fsproj", "{F4CF31DF-7D48-4934-88E6-9D89C43FE66D}"
EndProject
Global
	GlobalSection(SolutionConfigurationPlatforms) = preSolution
		Debug|Any CPU = Debug|Any CPU
		Release|Any CPU = Release|Any CPU
	EndGlobalSection
	GlobalSection(ProjectConfigurationPlatforms) = postSolution
		{6BCD29CD-9DB4-4A41-AD69-B5935E9D32F0}.Debug|Any CPU.ActiveCfg = Debug|Any CPU
		{6BCD29CD-9DB4-4A41-AD69-B5935E9D32F0}.Debug|Any CPU.Build.0 = Debug|Any CPU
		{6BCD29CD-9DB4-4A41-AD69-B5935E9D32F0}.Release|Any CPU.ActiveCfg = Release|Any CPU
		{6BCD29CD-9DB4-4A41-AD69-B5935E9D32F0}.Release|Any CPU.Build.0 = Release|Any CPU
		{F4CF31DF-7D48-4934-88E6-9D89C43FE66D}.Debug|Any CPU.ActiveCfg = Debug|Any CPU
		{F4CF31DF-7D48-4934-88E6-9D89C43FE66D}.Debug|Any CPU.Build.0 = Debug|Any CPU
		{F4CF31DF-7D48-4934-88E6-9D89C43FE66D}.Release|Any CPU.ActiveCfg = Release|Any CPU
		{F4CF31DF-7D48-4934-88E6-9D89C43FE66D}.Release|Any CPU.Build.0 = Release|Any CPU
	EndGlobalSection
	GlobalSection(SolutionProperties) = preSolution
		HideSolutionNode = FALSE
	EndGlobalSection
	GlobalSection(ExtensibilityGlobals) = postSolution
		SolutionGuid = {6883E642-3E79-4F85-8433-A371170E176A}
	EndGlobalSection
EndGlobal
